
Microsoft Visual Studio Solution File, Format Version 12.00
# Visual Studio Version 17
VisualStudioVersion = 17.2.32519.379
MinimumVisualStudioVersion = 10.0.40219.1
Project("{FAE04EC0-301F-11D3-BF4B-00C04F79EFBC}") = "Mechanic", "Mechanic\Mechanic.csproj", "{0CAB07BE-47B4-4954-A623-3399B99DC9F6}"
EndProject
Global
	GlobalSection(SolutionConfigurationPlatforms) = preSolution
		Debug|Any CPU = Debug|Any CPU
		Release|Any CPU = Release|Any CPU
	EndGlobalSection
	GlobalSection(ProjectConfigurationPlatforms) = postSolution
		{0CAB07BE-47B4-4954-A623-3399B99DC9F6}.Debug|Any CPU.ActiveCfg = Debug|Any CPU
		{0CAB07BE-47B4-4954-A623-3399B99DC9F6}.Debug|Any CPU.Build.0 = Debug|Any CPU
		{0CAB07BE-47B4-4954-A623-3399B99DC9F6}.Release|Any CPU.ActiveCfg = Release|Any CPU
		{0CAB07BE-47B4-4954-A623-3399B99DC9F6}.Release|Any CPU.Build.0 = Release|Any CPU
	EndGlobalSection
	GlobalSection(SolutionProperties) = preSolution
		HideSolutionNode = FALSE
	EndGlobalSection
	GlobalSection(ExtensibilityGlobals) = postSolution
		SolutionGuid = {0AC06C87-7A52-4E0D-A385-332623D7B7AD}
	EndGlobalSection
EndGlobal
